// !$*UTF8*$!
{
	archiveVersion = 1;
	classes = {
	};
	objectVersion = 48;
	objects = {

/* Begin PBXBuildFile section */
		96A21F50EA1C4EDE45FAAD97 /* Pods_MultiSelectButtons.framework in Frameworks */ = {isa = PBXBuildFile; fileRef = 6103149EB92BAA1E704F5B3B /* Pods_MultiSelectButtons.framework */; };
		D7D54E7B1FE571ED00342701 /* AppDelegate.swift in Sources */ = {isa = PBXBuildFile; fileRef = D7D54E7A1FE571ED00342701 /* AppDelegate.swift */; };
		D7D54E7D1FE571ED00342701 /* ViewController.swift in Sources */ = {isa = PBXBuildFile; fileRef = D7D54E7C1FE571ED00342701 /* ViewController.swift */; };
		D7D54E801FE571ED00342701 /* Main.storyboard in Resources */ = {isa = PBXBuildFile; fileRef = D7D54E7E1FE571ED00342701 /* Main.storyboard */; };
		D7D54E821FE571ED00342701 /* Assets.xcassets in Resources */ = {isa = PBXBuildFile; fileRef = D7D54E811FE571ED00342701 /* Assets.xcassets */; };
		D7D54E851FE571ED00342701 /* LaunchScreen.storyboard in Resources */ = {isa = PBXBuildFile; fileRef = D7D54E831FE571ED00342701 /* LaunchScreen.storyboard */; };
		D7D54E8D1FE5767200342701 /* MultiSelectCell.swift in Sources */ = {isa = PBXBuildFile; fileRef = D7D54E8C1FE5767200342701 /* MultiSelectCell.swift */; };
		D7D54E8F1FE5770300342701 /* MultiSelectCell.xib in Resources */ = {isa = PBXBuildFile; fileRef = D7D54E8E1FE5770300342701 /* MultiSelectCell.xib */; };
		D7D54E911FE57F4100342701 /* NewsCategory.swift in Sources */ = {isa = PBXBuildFile; fileRef = D7D54E901FE57F4100342701 /* NewsCategory.swift */; };
/* End PBXBuildFile section */

/* Begin PBXFileReference section */
		6103149EB92BAA1E704F5B3B /* Pods_MultiSelectButtons.framework */ = {isa = PBXFileReference; explicitFileType = wrapper.framework; includeInIndex = 0; path = Pods_MultiSelectButtons.framework; sourceTree = BUILT_PRODUCTS_DIR; };
		C71CEC090BDBC5125A335005 /* Pods-MultiSelectButtons.release.xcconfig */ = {isa = PBXFileReference; includeInIndex = 1; lastKnownFileType = text.xcconfig; name = "Pods-MultiSelectButtons.release.xcconfig"; path = "Pods/Target Support Files/Pods-MultiSelectButtons/Pods-MultiSelectButtons.release.xcconfig"; sourceTree = "<group>"; };
		D7D54E771FE571ED00342701 /* MultiSelectButtons.app */ = {isa = PBXFileReference; explicitFileType = wrapper.application; includeInIndex = 0; path = MultiSelectButtons.app; sourceTree = BUILT_PRODUCTS_DIR; };
		D7D54E7A1FE571ED00342701 /* AppDelegate.swift */ = {isa = PBXFileReference; lastKnownFileType = sourcecode.swift; path = AppDelegate.swift; sourceTree = "<group>"; };
		D7D54E7C1FE571ED00342701 /* ViewController.swift */ = {isa = PBXFileReference; lastKnownFileType = sourcecode.swift; path = ViewController.swift; sourceTree = "<group>"; };
		D7D54E7F1FE571ED00342701 /* Base */ = {isa = PBXFileReference; lastKnownFileType = file.storyboard; name = Base; path = Base.lproj/Main.storyboard; sourceTree = "<group>"; };
		D7D54E811FE571ED00342701 /* Assets.xcassets */ = {isa = PBXFileReference; lastKnownFileType = folder.assetcatalog; path = Assets.xcassets; sourceTree = "<group>"; };
		D7D54E841FE571ED00342701 /* Base */ = {isa = PBXFileReference; lastKnownFileType = file.storyboard; name = Base; path = Base.lproj/LaunchScreen.storyboard; sourceTree = "<group>"; };
		D7D54E861FE571ED00342701 /* Info.plist */ = {isa = PBXFileReference; lastKnownFileType = text.plist.xml; path = Info.plist; sourceTree = "<group>"; };
		D7D54E8C1FE5767200342701 /* MultiSelectCell.swift */ = {isa = PBXFileReference; lastKnownFileType = sourcecode.swift; path = MultiSelectCell.swift; sourceTree = "<group>"; };
		D7D54E8E1FE5770300342701 /* MultiSelectCell.xib */ = {isa = PBXFileReference; lastKnownFileType = file.xib; path = MultiSelectCell.xib; sourceTree = "<group>"; };
		D7D54E901FE57F4100342701 /* NewsCategory.swift */ = {isa = PBXFileReference; lastKnownFileType = sourcecode.swift; path = NewsCategory.swift; sourceTree = "<group>"; };
		F67DB601A7B30D223B203804 /* Pods-MultiSelectButtons.debug.xcconfig */ = {isa = PBXFileReference; includeInIndex = 1; lastKnownFileType = text.xcconfig; name = "Pods-MultiSelectButtons.debug.xcconfig"; path = "Pods/Target Support Files/Pods-MultiSelectButtons/Pods-MultiSelectButtons.debug.xcconfig"; sourceTree = "<group>"; };
/* End PBXFileReference section */

/* Begin PBXFrameworksBuildPhase section */
		D7D54E741FE571ED00342701 /* Frameworks */ = {
			isa = PBXFrameworksBuildPhase;
			buildActionMask = 2147483647;
			files = (
				96A21F50EA1C4EDE45FAAD97 /* Pods_MultiSelectButtons.framework in Frameworks */,
			);
			runOnlyForDeploymentPostprocessing = 0;
		};
/* End PBXFrameworksBuildPhase section */

/* Begin PBXGroup section */
		25C849AF5440027BA8382E03 /* Frameworks */ = {
			isa = PBXGroup;
			children = (
				6103149EB92BAA1E704F5B3B /* Pods_MultiSelectButtons.framework */,
			);
			name = Frameworks;
			sourceTree = "<group>";
		};
		D59929F56386A4E3F00AE45D /* Pods */ = {
			isa = PBXGroup;
			children = (
				F67DB601A7B30D223B203804 /* Pods-MultiSelectButtons.debug.xcconfig */,
				C71CEC090BDBC5125A335005 /* Pods-MultiSelectButtons.release.xcconfig */,
			);
			name = Pods;
			sourceTree = "<group>";
		};
		D7D54E6E1FE571ED00342701 = {
			isa = PBXGroup;
			children = (
				D7D54E791FE571ED00342701 /* MultiSelectButtons */,
				D7D54E781FE571ED00342701 /* Products */,
				D59929F56386A4E3F00AE45D /* Pods */,
				25C849AF5440027BA8382E03 /* Frameworks */,
			);
			sourceTree = "<group>";
		};
		D7D54E781FE571ED00342701 /* Products */ = {
			isa = PBXGroup;
			children = (
				D7D54E771FE571ED00342701 /* MultiSelectButtons.app */,
			);
			name = Products;
			sourceTree = "<group>";
		};
		D7D54E791FE571ED00342701 /* MultiSelectButtons */ = {
			isa = PBXGroup;
			children = (
				D7D54E7A1FE571ED00342701 /* AppDelegate.swift */,
				D7D54E811FE571ED00342701 /* Assets.xcassets */,
				D7D54E861FE571ED00342701 /* Info.plist */,
				D7D54E831FE571ED00342701 /* LaunchScreen.storyboard */,
				D7D54E7E1FE571ED00342701 /* Main.storyboard */,
				D7D54E8C1FE5767200342701 /* MultiSelectCell.swift */,
				D7D54E8E1FE5770300342701 /* MultiSelectCell.xib */,
				D7D54E901FE57F4100342701 /* NewsCategory.swift */,
				D7D54E7C1FE571ED00342701 /* ViewController.swift */,
			);
			path = MultiSelectButtons;
			sourceTree = "<group>";
		};
/* End PBXGroup section */

/* Begin PBXNativeTarget section */
		D7D54E761FE571ED00342701 /* MultiSelectButtons */ = {
			isa = PBXNativeTarget;
			buildConfigurationList = D7D54E891FE571ED00342701 /* Build configuration list for PBXNativeTarget "MultiSelectButtons" */;
			buildPhases = (
				72C8F8CA21E52502C76E60D1 /* [CP] Check Pods Manifest.lock */,
				D7D54E731FE571ED00342701 /* Sources */,
				D7D54E741FE571ED00342701 /* Frameworks */,
				D7D54E751FE571ED00342701 /* Resources */,
				028D30AE678B5E38A2F79708 /* [CP] Embed Pods Frameworks */,
				009D761BB6575319DB186025 /* [CP] Copy Pods Resources */,
			);
			buildRules = (
			);
			dependencies = (
			);
			name = MultiSelectButtons;
			productName = MultiSelectButtons;
			productReference = D7D54E771FE571ED00342701 /* MultiSelectButtons.app */;
			productType = "com.apple.product-type.application";
		};
/* End PBXNativeTarget section */

/* Begin PBXProject section */
		D7D54E6F1FE571ED00342701 /* Project object */ = {
			isa = PBXProject;
			attributes = {
				LastSwiftUpdateCheck = 0920;
				LastUpgradeCheck = 0920;
				ORGANIZATIONNAME = Ouroboros;
				TargetAttributes = {
					D7D54E761FE571ED00342701 = {
						CreatedOnToolsVersion = 9.2;
						ProvisioningStyle = Automatic;
					};
				};
			};
			buildConfigurationList = D7D54E721FE571ED00342701 /* Build configuration list for PBXProject "MultiSelectButtons" */;
			compatibilityVersion = "Xcode 8.0";
			developmentRegion = en;
			hasScannedForEncodings = 0;
			knownRegions = (
				en,
				Base,
			);
			mainGroup = D7D54E6E1FE571ED00342701;
			productRefGroup = D7D54E781FE571ED00342701 /* Products */;
			projectDirPath = "";
			projectRoot = "";
			targets = (
				D7D54E761FE571ED00342701 /* MultiSelectButtons */,
			);
		};
/* End PBXProject section */

/* Begin PBXResourcesBuildPhase section */
		D7D54E751FE571ED00342701 /* Resources */ = {
			isa = PBXResourcesBuildPhase;
			buildActionMask = 2147483647;
			files = (
				D7D54E851FE571ED00342701 /* LaunchScreen.storyboard in Resources */,
				D7D54E821FE571ED00342701 /* Assets.xcassets in Resources */,
				D7D54E801FE571ED00342701 /* Main.storyboard in Resources */,
				D7D54E8F1FE5770300342701 /* MultiSelectCell.xib in Resources */,
			);
			runOnlyForDeploymentPostprocessing = 0;
		};
/* End PBXResourcesBuildPhase section */

/* Begin PBXShellScriptBuildPhase section */
		009D761BB6575319DB186025 /* [CP] Copy Pods Resources */ = {
			isa = PBXShellScriptBuildPhase;
			buildActionMask = 2147483647;
			files = (
			);
			inputPaths = (
			);
			name = "[CP] Copy Pods Resources";
			outputPaths = (
			);
			runOnlyForDeploymentPostprocessing = 0;
			shellPath = /bin/sh;
			shellScript = "\"${SRCROOT}/Pods/Target Support Files/Pods-MultiSelectButtons/Pods-MultiSelectButtons-resources.sh\"\n";
			showEnvVarsInLog = 0;
		};
		028D30AE678B5E38A2F79708 /* [CP] Embed Pods Frameworks */ = {
			isa = PBXShellScriptBuildPhase;
			buildActionMask = 2147483647;
			files = (
			);
			inputPaths = (
				"${SRCROOT}/Pods/Target Support Files/Pods-MultiSelectButtons/Pods-MultiSelectButtons-frameworks.sh",
				"${BUILT_PRODUCTS_DIR}/RxCocoa/RxCocoa.framework",
				"${BUILT_PRODUCTS_DIR}/RxSwift/RxSwift.framework",
			);
			name = "[CP] Embed Pods Frameworks";
			outputPaths = (
				"${TARGET_BUILD_DIR}/${FRAMEWORKS_FOLDER_PATH}/RxCocoa.framework",
				"${TARGET_BUILD_DIR}/${FRAMEWORKS_FOLDER_PATH}/RxSwift.framework",
			);
			runOnlyForDeploymentPostprocessing = 0;
			shellPath = /bin/sh;
			shellScript = "\"${SRCROOT}/Pods/Target Support Files/Pods-MultiSelectButtons/Pods-MultiSelectButtons-frameworks.sh\"\n";
			showEnvVarsInLog = 0;
		};
		72C8F8CA21E52502C76E60D1 /* [CP] Check Pods Manifest.lock */ = {
			isa = PBXShellScriptBuildPhase;
			buildActionMask = 2147483647;
			files = (
			);
			inputPaths = (
				"${PODS_PODFILE_DIR_PATH}/Podfile.lock",
				"${PODS_ROOT}/Manifest.lock",
			);
			name = "[CP] Check Pods Manifest.lock";
			outputPaths = (
				"$(DERIVED_FILE_DIR)/Pods-MultiSelectButtons-checkManifestLockResult.txt",
			);
			runOnlyForDeploymentPostprocessing = 0;
			shellPath = /bin/sh;
			shellScript = "diff \"${PODS_PODFILE_DIR_PATH}/Podfile.lock\" \"${PODS_ROOT}/Manifest.lock\" > /dev/null\nif [ $? != 0 ] ; then\n    # print error to STDERR\n    echo \"error: The sandbox is not in sync with the Podfile.lock. Run 'pod install' or update your CocoaPods installation.\" >&2\n    exit 1\nfi\n# This output is used by Xcode 'outputs' to avoid re-running this script phase.\necho \"SUCCESS\" > \"${SCRIPT_OUTPUT_FILE_0}\"\n";
			showEnvVarsInLog = 0;
		};
/* End PBXShellScriptBuildPhase section */

/* Begin PBXSourcesBuildPhase section */
		D7D54E731FE571ED00342701 /* Sources */ = {
			isa = PBXSourcesBuildPhase;
			buildActionMask = 2147483647;
			files = (
				D7D54E911FE57F4100342701 /* NewsCategory.swift in Sources */,
				D7D54E7D1FE571ED00342701 /* ViewController.swift in Sources */,
				D7D54E8D1FE5767200342701 /* MultiSelectCell.swift in Sources */,
				D7D54E7B1FE571ED00342701 /* AppDelegate.swift in Sources */,
			);
			runOnlyForDeploymentPostprocessing = 0;
		};
/* End PBXSourcesBuildPhase section */

/* Begin PBXVariantGroup section */
		D7D54E7E1FE571ED00342701 /* Main.storyboard */ = {
			isa = PBXVariantGroup;
			children = (
				D7D54E7F1FE571ED00342701 /* Base */,
			);
			name = Main.storyboard;
			sourceTree = "<group>";
		};
		D7D54E831FE571ED00342701 /* LaunchScreen.storyboard */ = {
			isa = PBXVariantGroup;
			children = (
				D7D54E841FE571ED00342701 /* Base */,
			);
			name = LaunchScreen.storyboard;
			sourceTree = "<group>";
		};
/* End PBXVariantGroup section */

/* Begin XCBuildConfiguration section */
		D7D54E871FE571ED00342701 /* Debug */ = {
			isa = XCBuildConfiguration;
			buildSettings = {
				ALWAYS_SEARCH_USER_PATHS = NO;
				CLANG_ANALYZER_NONNULL = YES;
				CLANG_ANALYZER_NUMBER_OBJECT_CONVERSION = YES_AGGRESSIVE;
				CLANG_CXX_LANGUAGE_STANDARD = "gnu++14";
				CLANG_CXX_LIBRARY = "libc++";
				CLANG_ENABLE_MODULES = YES;
				CLANG_ENABLE_OBJC_ARC = YES;
				CLANG_WARN_BLOCK_CAPTURE_AUTORELEASING = YES;
				CLANG_WARN_BOOL_CONVERSION = YES;
				CLANG_WARN_COMMA = YES;
				CLANG_WARN_CONSTANT_CONVERSION = YES;
				CLANG_WARN_DIRECT_OBJC_ISA_USAGE = YES_ERROR;
				CLANG_WARN_DOCUMENTATION_COMMENTS = YES;
				CLANG_WARN_EMPTY_BODY = YES;
				CLANG_WARN_ENUM_CONVERSION = YES;
				CLANG_WARN_INFINITE_RECURSION = YES;
				CLANG_WARN_INT_CONVERSION = YES;
				CLANG_WARN_NON_LITERAL_NULL_CONVERSION = YES;
				CLANG_WARN_OBJC_LITERAL_CONVERSION = YES;
				CLANG_WARN_OBJC_ROOT_CLASS = YES_ERROR;
				CLANG_WARN_RANGE_LOOP_ANALYSIS = YES;
				CLANG_WARN_STRICT_PROTOTYPES = YES;
				CLANG_WARN_SUSPICIOUS_MOVE = YES;
				CLANG_WARN_UNGUARDED_AVAILABILITY = YES_AGGRESSIVE;
				CLANG_WARN_UNREACHABLE_CODE = YES;
				CLANG_WARN__DUPLICATE_METHOD_MATCH = YES;
				CODE_SIGN_IDENTITY = "iPhone Developer";
				COPY_PHASE_STRIP = NO;
				DEBUG_INFORMATION_FORMAT = dwarf;
				ENABLE_STRICT_OBJC_MSGSEND = YES;
				ENABLE_TESTABILITY = YES;
				GCC_C_LANGUAGE_STANDARD = gnu11;
				GCC_DYNAMIC_NO_PIC = NO;
				GCC_NO_COMMON_BLOCKS = YES;
				GCC_OPTIMIZATION_LEVEL = 0;
				GCC_PREPROCESSOR_DEFINITIONS = (
					"DEBUG=1",
					"$(inherited)",
				);
				GCC_WARN_64_TO_32_BIT_CONVERSION = YES;
				GCC_WARN_ABOUT_RETURN_TYPE = YES_ERROR;
				GCC_WARN_UNDECLARED_SELECTOR = YES;
				GCC_WARN_UNINITIALIZED_AUTOS = YES_AGGRESSIVE;
				GCC_WARN_UNUSED_FUNCTION = YES;
				GCC_WARN_UNUSED_VARIABLE = YES;
				IPHONEOS_DEPLOYMENT_TARGET = 11.2;
				MTL_ENABLE_DEBUG_INFO = YES;
				ONLY_ACTIVE_ARCH = YES;
				SDKROOT = iphoneos;
				SWIFT_ACTIVE_COMPILATION_CONDITIONS = DEBUG;
				SWIFT_OPTIMIZATION_LEVEL = "-Onone";
			};
			name = Debug;
		};
		D7D54E881FE571ED00342701 /* Release */ = {
			isa = XCBuildConfiguration;
			buildSettings = {
				ALWAYS_SEARCH_USER_PATHS = NO;
				CLANG_ANALYZER_NONNULL = YES;
				CLANG_ANALYZER_NUMBER_OBJECT_CONVERSION = YES_AGGRESSIVE;
				CLANG_CXX_LANGUAGE_STANDARD = "gnu++14";
				CLANG_CXX_LIBRARY = "libc++";
				CLANG_ENABLE_MODULES = YES;
				CLANG_ENABLE_OBJC_ARC = YES;
				CLANG_WARN_BLOCK_CAPTURE_AUTORELEASING = YES;
				CLANG_WARN_BOOL_CONVERSION = YES;
				CLANG_WARN_COMMA = YES;
				CLANG_WARN_CONSTANT_CONVERSION = YES;
				CLANG_WARN_DIRECT_OBJC_ISA_USAGE = YES_ERROR;
				CLANG_WARN_DOCUMENTATION_COMMENTS = YES;
				CLANG_WARN_EMPTY_BODY = YES;
				CLANG_WARN_ENUM_CONVERSION = YES;
				CLANG_WARN_INFINITE_RECURSION = YES;
				CLANG_WARN_INT_CONVERSION = YES;
				CLANG_WARN_NON_LITERAL_NULL_CONVERSION = YES;
				CLANG_WARN_OBJC_LITERAL_CONVERSION = YES;
				CLANG_WARN_OBJC_ROOT_CLASS = YES_ERROR;
				CLANG_WARN_RANGE_LOOP_ANALYSIS = YES;
				CLANG_WARN_STRICT_PROTOTYPES = YES;
				CLANG_WARN_SUSPICIOUS_MOVE = YES;
				CLANG_WARN_UNGUARDED_AVAILABILITY = YES_AGGRESSIVE;
				CLANG_WARN_UNREACHABLE_CODE = YES;
				CLANG_WARN__DUPLICATE_METHOD_MATCH = YES;
				CODE_SIGN_IDENTITY = "iPhone Developer";
				COPY_PHASE_STRIP = NO;
				DEBUG_INFORMATION_FORMAT = "dwarf-with-dsym";
				ENABLE_NS_ASSERTIONS = NO;
				ENABLE_STRICT_OBJC_MSGSEND = YES;
				GCC_C_LANGUAGE_STANDARD = gnu11;
				GCC_NO_COMMON_BLOCKS = YES;
				GCC_WARN_64_TO_32_BIT_CONVERSION = YES;
				GCC_WARN_ABOUT_RETURN_TYPE = YES_ERROR;
				GCC_WARN_UNDECLARED_SELECTOR = YES;
				GCC_WARN_UNINITIALIZED_AUTOS = YES_AGGRESSIVE;
				GCC_WARN_UNUSED_FUNCTION = YES;
				GCC_WARN_UNUSED_VARIABLE = YES;
				IPHONEOS_DEPLOYMENT_TARGET = 11.2;
				MTL_ENABLE_DEBUG_INFO = NO;
				SDKROOT = iphoneos;
				SWIFT_OPTIMIZATION_LEVEL = "-Owholemodule";
				VALIDATE_PRODUCT = YES;
			};
			name = Release;
		};
		D7D54E8A1FE571ED00342701 /* Debug */ = {
			isa = XCBuildConfiguration;
			baseConfigurationReference = F67DB601A7B30D223B203804 /* Pods-MultiSelectButtons.debug.xcconfig */;
			buildSettings = {
				ASSETCATALOG_COMPILER_APPICON_NAME = AppIcon;
				CODE_SIGN_STYLE = Automatic;
				INFOPLIST_FILE = MultiSelectButtons/Info.plist;
				LD_RUNPATH_SEARCH_PATHS = "$(inherited) @executable_path/Frameworks";
				PRODUCT_BUNDLE_IDENTIFIER = com.ouroboros.experiments.MultiSelectButtons;
				PRODUCT_NAME = "$(TARGET_NAME)";
				SWIFT_VERSION = 4.0;
				TARGETED_DEVICE_FAMILY = "1,2";
			};
			name = Debug;
		};
		D7D54E8B1FE571ED00342701 /* Release */ = {
			isa = XCBuildConfiguration;
			baseConfigurationReference = C71CEC090BDBC5125A335005 /* Pods-MultiSelectButtons.release.xcconfig */;
			buildSettings = {
				ASSETCATALOG_COMPILER_APPICON_NAME = AppIcon;
				CODE_SIGN_STYLE = Automatic;
				INFOPLIST_FILE = MultiSelectButtons/Info.plist;
				LD_RUNPATH_SEARCH_PATHS = "$(inherited) @executable_path/Frameworks";
				PRODUCT_BUNDLE_IDENTIFIER = com.ouroboros.experiments.MultiSelectButtons;
				PRODUCT_NAME = "$(TARGET_NAME)";
				SWIFT_VERSION = 4.0;
				TARGETED_DEVICE_FAMILY = "1,2";
			};
			name = Release;
		};
/* End XCBuildConfiguration section */

/* Begin XCConfigurationList section */
		D7D54E721FE571ED00342701 /* Build configuration list for PBXProject "MultiSelectButtons" */ = {
			isa = XCConfigurationList;
			buildConfigurations = (
				D7D54E871FE571ED00342701 /* Debug */,
				D7D54E881FE571ED00342701 /* Release */,
			);
			defaultConfigurationIsVisible = 0;
			defaultConfigurationName = Release;
		};
		D7D54E891FE571ED00342701 /* Build configuration list for PBXNativeTarget "MultiSelectButtons" */ = {
			isa = XCConfigurationList;
			buildConfigurations = (
				D7D54E8A1FE571ED00342701 /* Debug */,
				D7D54E8B1FE571ED00342701 /* Release */,
			);
			defaultConfigurationIsVisible = 0;
			defaultConfigurationName = Release;
		};
/* End XCConfigurationList section */
	};
	rootObject = D7D54E6F1FE571ED00342701 /* Project object */;
}
